// !$*UTF8*$!
{
	archiveVersion = 1;
	classes = {
	};
	objectVersion = 77;
	objects = {

/* Begin PBXContainerItemProxy section */
		C8964B102E2162AE00B434E4 /* PBXContainerItemProxy */ = {
			isa = PBXContainerItemProxy;
			containerPortal = C8964AFA2E2162AB00B434E4 /* Project object */;
			proxyType = 1;
			remoteGlobalIDString = C8964B012E2162AB00B434E4;
			remoteInfo = PhotoDel;
		};
		C8964B1A2E2162AE00B434E4 /* PBXContainerItemProxy */ = {
			isa = PBXContainerItemProxy;
			containerPortal = C8964AFA2E2162AB00B434E4 /* Project object */;
			proxyType = 1;
			remoteGlobalIDString = C8964B012E2162AB00B434E4;
			remoteInfo = PhotoDel;
		};
/* End PBXContainerItemProxy section */

/* Begin PBXFileReference section */
		C8964B022E2162AB00B434E4 /* PhotoDel.app */ = {isa = PBXFileReference; explicitFileType = wrapper.application; includeInIndex = 0; path = PhotoDel.app; sourceTree = BUILT_PRODUCTS_DIR; };
		C8964B0F2E2162AE00B434E4 /* PhotoDelTests.xctest */ = {isa = PBXFileReference; explicitFileType = wrapper.cfbundle; includeInIndex = 0; path = PhotoDelTests.xctest; sourceTree = BUILT_PRODUCTS_DIR; };
		C8964B192E2162AE00B434E4 /* PhotoDelUITests.xctest */ = {isa = PBXFileReference; explicitFileType = wrapper.cfbundle; includeInIndex = 0; path = PhotoDelUITests.xctest; sourceTree = BUILT_PRODUCTS_DIR; };
/* End PBXFileReference section */

/* Begin PBXFileSystemSynchronizedBuildFileExceptionSet section */
		C8964B3A2E2162AF00B434E4 /* Exceptions for "PhotoDel" folder in "PhotoDel" target */ = {
			isa = PBXFileSystemSynchronizedBuildFileExceptionSet;
			membershipExceptions = (
				PhotoDel.storekit,
			);
			target = C8964B012E2162AB00B434E4 /* PhotoDel */;
		};
/* End PBXFileSystemSynchronizedBuildFileExceptionSet section */

/* Begin PBXFileSystemSynchronizedRootGroup section */
		C8964B042E2162AB00B434E4 /* PhotoDel */ = {
			isa = PBXFileSystemSynchronizedRootGroup;
			exceptions = (
				C8964B3A2E2162AF00B434E4 /* Exceptions for "PhotoDel" folder in "PhotoDel" target */,
			);
			path = PhotoDel;
			sourceTree = "<group>";
		};
		C8964B122E2162AE00B434E4 /* PhotoDelTests */ = {
			isa = PBXFileSystemSynchronizedRootGroup;
			path = PhotoDelTests;
			sourceTree = "<group>";
		};
		C8964B1C2E2162AE00B434E4 /* PhotoDelUITests */ = {
			isa = PBXFileSystemSynchronizedRootGroup;
			path = PhotoDelUITests;
			sourceTree = "<group>";
		};
/* End PBXFileSystemSynchronizedRootGroup section */

/* Begin PBXFrameworksBuildPhase section */
		C8964AFF2E2162AB00B434E4 /* Frameworks */ = {
			isa = PBXFrameworksBuildPhase;
			buildActionMask = 2147483647;
			files = (
			);
			runOnlyForDeploymentPostprocessing = 0;
		};
		C8964B0C2E2162AE00B434E4 /* Frameworks */ = {
			isa = PBXFrameworksBuildPhase;
			buildActionMask = 2147483647;
			files = (
			);
			runOnlyForDeploymentPostprocessing = 0;
		};
		C8964B162E2162AE00B434E4 /* Frameworks */ = {
			isa = PBXFrameworksBuildPhase;
			buildActionMask = 2147483647;
			files = (
			);
			runOnlyForDeploymentPostprocessing = 0;
		};
/* End PBXFrameworksBuildPhase section */

/* Begin PBXGroup section */
		C8964AF92E2162AB00B434E4 = {
			isa = PBXGroup;
			children = (
				C8964B042E2162AB00B434E4 /* PhotoDel */,
				C8964B122E2162AE00B434E4 /* PhotoDelTests */,
				C8964B1C2E2162AE00B434E4 /* PhotoDelUITests */,
				C8964B032E2162AB00B434E4 /* Products */,
			);
			sourceTree = "<group>";
		};
		C8964B032E2162AB00B434E4 /* Products */ = {
			isa = PBXGroup;
			children = (
				C8964B022E2162AB00B434E4 /* PhotoDel.app */,
				C8964B0F2E2162AE00B434E4 /* PhotoDelTests.xctest */,
				C8964B192E2162AE00B434E4 /* PhotoDelUITests.xctest */,
			);
			name = Products;
			sourceTree = "<group>";
		};
/* End PBXGroup section */

/* Begin PBXNativeTarget section */
		C8964B012E2162AB00B434E4 /* PhotoDel */ = {
			isa = PBXNativeTarget;
			buildConfigurationList = C8964B232E2162AE00B434E4 /* Build configuration list for PBXNativeTarget "PhotoDel" */;
			buildPhases = (
				C8964AFE2E2162AB00B434E4 /* Sources */,
				C8964AFF2E2162AB00B434E4 /* Frameworks */,
				C8964B002E2162AB00B434E4 /* Resources */,
			);
			buildRules = (
			);
			dependencies = (
			);
			fileSystemSynchronizedGroups = (
				C8964B042E2162AB00B434E4 /* PhotoDel */,
			);
			name = PhotoDel;
			packageProductDependencies = (
			);
			productName = PhotoDel;
			productReference = C8964B022E2162AB00B434E4 /* PhotoDel.app */;
			productType = "com.apple.product-type.application";
		};
		C8964B0E2E2162AE00B434E4 /* PhotoDelTests */ = {
			isa = PBXNativeTarget;
			buildConfigurationList = C8964B262E2162AE00B434E4 /* Build configuration list for PBXNativeTarget "PhotoDelTests" */;
			buildPhases = (
				C8964B0B2E2162AE00B434E4 /* Sources */,
				C8964B0C2E2162AE00B434E4 /* Frameworks */,
				C8964B0D2E2162AE00B434E4 /* Resources */,
			);
			buildRules = (
			);
			dependencies = (
				C8964B112E2162AE00B434E4 /* PBXTargetDependency */,
			);
			fileSystemSynchronizedGroups = (
				C8964B122E2162AE00B434E4 /* PhotoDelTests */,
			);
			name = PhotoDelTests;
			packageProductDependencies = (
			);
			productName = PhotoDelTests;
			productReference = C8964B0F2E2162AE00B434E4 /* PhotoDelTests.xctest */;
			productType = "com.apple.product-type.bundle.unit-test";
		};
		C8964B182E2162AE00B434E4 /* PhotoDelUITests */ = {
			isa = PBXNativeTarget;
			buildConfigurationList = C8964B292E2162AE00B434E4 /* Build configuration list for PBXNativeTarget "PhotoDelUITests" */;
			buildPhases = (
				C8964B152E2162AE00B434E4 /* Sources */,
				C8964B162E2162AE00B434E4 /* Frameworks */,
				C8964B172E2162AE00B434E4 /* Resources */,
			);
			buildRules = (
			);
			dependencies = (
				C8964B1B2E2162AE00B434E4 /* PBXTargetDependency */,
			);
			fileSystemSynchronizedGroups = (
				C8964B1C2E2162AE00B434E4 /* PhotoDelUITests */,
			);
			name = PhotoDelUITests;
			packageProductDependencies = (
			);
			productName = PhotoDelUITests;
			productReference = C8964B192E2162AE00B434E4 /* PhotoDelUITests.xctest */;
			productType = "com.apple.product-type.bundle.ui-testing";
		};
/* End PBXNativeTarget section */

/* Begin PBXProject section */
		C8964AFA2E2162AB00B434E4 /* Project object */ = {
			isa = PBXProject;
			attributes = {
				BuildIndependentTargetsInParallel = 1;
				LastSwiftUpdateCheck = 1640;
				LastUpgradeCheck = 1640;
				TargetAttributes = {
					C8964B012E2162AB00B434E4 = {
						CreatedOnToolsVersion = 16.4;
					};
					C8964B0E2E2162AE00B434E4 = {
						CreatedOnToolsVersion = 16.4;
						TestTargetID = C8964B012E2162AB00B434E4;
					};
					C8964B182E2162AE00B434E4 = {
						CreatedOnToolsVersion = 16.4;
						TestTargetID = C8964B012E2162AB00B434E4;
					};
				};
			};
			buildConfigurationList = C8964AFD2E2162AB00B434E4 /* Build configuration list for PBXProject "PhotoDel" */;
			developmentRegion = en;
			hasScannedForEncodings = 0;
			knownRegions = (
				en,
				Base,
			);
			mainGroup = C8964AF92E2162AB00B434E4;
			minimizedProjectReferenceProxies = 1;
			preferredProjectObjectVersion = 77;
			productRefGroup = C8964B032E2162AB00B434E4 /* Products */;
			projectDirPath = "";
			projectRoot = "";
			targets = (
				C8964B012E2162AB00B434E4 /* PhotoDel */,
				C8964B0E2E2162AE00B434E4 /* PhotoDelTests */,
				C8964B182E2162AE00B434E4 /* PhotoDelUITests */,
			);
		};
/* End PBXProject section */

/* Begin PBXResourcesBuildPhase section */
		C8964B002E2162AB00B434E4 /* Resources */ = {
			isa = PBXResourcesBuildPhase;
			buildActionMask = 2147483647;
			files = (
			);
			runOnlyForDeploymentPostprocessing = 0;
		};
		C8964B0D2E2162AE00B434E4 /* Resources */ = {
			isa = PBXResourcesBuildPhase;
			buildActionMask = 2147483647;
			files = (
			);
			runOnlyForDeploymentPostprocessing = 0;
		};
		C8964B172E2162AE00B434E4 /* Resources */ = {
			isa = PBXResourcesBuildPhase;
			buildActionMask = 2147483647;
			files = (
			);
			runOnlyForDeploymentPostprocessing = 0;
		};
/* End PBXResourcesBuildPhase section */

/* Begin PBXSourcesBuildPhase section */
		C8964AFE2E2162AB00B434E4 /* Sources */ = {
			isa = PBXSourcesBuildPhase;
			buildActionMask = 2147483647;
			files = (
			);
			runOnlyForDeploymentPostprocessing = 0;
		};
		C8964B0B2E2162AE00B434E4 /* Sources */ = {
			isa = PBXSourcesBuildPhase;
			buildActionMask = 2147483647;
			files = (
			);
			runOnlyForDeploymentPostprocessing = 0;
		};
		C8964B152E2162AE00B434E4 /* Sources */ = {
			isa = PBXSourcesBuildPhase;
			buildActionMask = 2147483647;
			files = (
			);
			runOnlyForDeploymentPostprocessing = 0;
		};
/* End PBXSourcesBuildPhase section */

/* Begin PBXTargetDependency section */
		C8964B112E2162AE00B434E4 /* PBXTargetDependency */ = {
			isa = PBXTargetDependency;
			target = C8964B012E2162AB00B434E4 /* PhotoDel */;
			targetProxy = C8964B102E2162AE00B434E4 /* PBXContainerItemProxy */;
		};
		C8964B1B2E2162AE00B434E4 /* PBXTargetDependency */ = {
			isa = PBXTargetDependency;
			target = C8964B012E2162AB00B434E4 /* PhotoDel */;
			targetProxy = C8964B1A2E2162AE00B434E4 /* PBXContainerItemProxy */;
		};
/* End PBXTargetDependency section */

/* Begin XCBuildConfiguration section */
		C8964B212E2162AE00B434E4 /* Debug */ = {
			isa = XCBuildConfiguration;
			buildSettings = {
				ALWAYS_SEARCH_USER_PATHS = NO;
				ASSETCATALOG_COMPILER_GENERATE_SWIFT_ASSET_SYMBOL_EXTENSIONS = YES;
				CLANG_ANALYZER_NONNULL = YES;
				CLANG_ANALYZER_NUMBER_OBJECT_CONVERSION = YES_AGGRESSIVE;
				CLANG_CXX_LANGUAGE_STANDARD = "gnu++20";
				CLANG_ENABLE_MODULES = YES;
				CLANG_ENABLE_OBJC_ARC = YES;
				CLANG_ENABLE_OBJC_WEAK = YES;
				CLANG_WARN_BLOCK_CAPTURE_AUTORELEASING = YES;
				CLANG_WARN_BOOL_CONVERSION = YES;
				CLANG_WARN_COMMA = YES;
				CLANG_WARN_CONSTANT_CONVERSION = YES;
				CLANG_WARN_DEPRECATED_OBJC_IMPLEMENTATIONS = YES;
				CLANG_WARN_DIRECT_OBJC_ISA_USAGE = YES_ERROR;
				CLANG_WARN_DOCUMENTATION_COMMENTS = YES;
				CLANG_WARN_EMPTY_BODY = YES;
				CLANG_WARN_ENUM_CONVERSION = YES;
				CLANG_WARN_INFINITE_RECURSION = YES;
				CLANG_WARN_INT_CONVERSION = YES;
				CLANG_WARN_NON_LITERAL_NULL_CONVERSION = YES;
				CLANG_WARN_OBJC_IMPLICIT_RETAIN_SELF = YES;
				CLANG_WARN_OBJC_LITERAL_CONVERSION = YES;
				CLANG_WARN_OBJC_ROOT_CLASS = YES_ERROR;
				CLANG_WARN_QUOTED_INCLUDE_IN_FRAMEWORK_HEADER = YES;
				CLANG_WARN_RANGE_LOOP_ANALYSIS = YES;
				CLANG_WARN_STRICT_PROTOTYPES = YES;
				CLANG_WARN_SUSPICIOUS_MOVE = YES;
				CLANG_WARN_UNGUARDED_AVAILABILITY = YES_AGGRESSIVE;
				CLANG_WARN_UNREACHABLE_CODE = YES;
				CLANG_WARN__DUPLICATE_METHOD_MATCH = YES;
				COPY_PHASE_STRIP = NO;
				DEBUG_INFORMATION_FORMAT = dwarf;
				ENABLE_STRICT_OBJC_MSGSEND = YES;
				ENABLE_TESTABILITY = YES;
				ENABLE_USER_SCRIPT_SANDBOXING = YES;
				GCC_C_LANGUAGE_STANDARD = gnu17;
				GCC_DYNAMIC_NO_PIC = NO;
				GCC_NO_COMMON_BLOCKS = YES;
				GCC_OPTIMIZATION_LEVEL = 0;
				GCC_PREPROCESSOR_DEFINITIONS = (
					"DEBUG=1",
					"$(inherited)",
				);
				GCC_WARN_64_TO_32_BIT_CONVERSION = YES;
				GCC_WARN_ABOUT_RETURN_TYPE = YES_ERROR;
				GCC_WARN_UNDECLARED_SELECTOR = YES;
				GCC_WARN_UNINITIALIZED_AUTOS = YES_AGGRESSIVE;
				GCC_WARN_UNUSED_FUNCTION = YES;
				GCC_WARN_UNUSED_VARIABLE = YES;
				IPHONEOS_DEPLOYMENT_TARGET = 16.0;
				LOCALIZATION_PREFERS_STRING_CATALOGS = YES;
				MTL_ENABLE_DEBUG_INFO = INCLUDE_SOURCE;
				MTL_FAST_MATH = YES;
				ONLY_ACTIVE_ARCH = YES;
				SDKROOT = iphoneos;
				SWIFT_ACTIVE_COMPILATION_CONDITIONS = "DEBUG $(inherited)";
				SWIFT_OPTIMIZATION_LEVEL = "-Onone";
			};
			name = Debug;
		};
		C8964B222E2162AE00B434E4 /* Release */ = {
			isa = XCBuildConfiguration;
			buildSettings = {
				ALWAYS_SEARCH_USER_PATHS = NO;
				ASSETCATALOG_COMPILER_GENERATE_SWIFT_ASSET_SYMBOL_EXTENSIONS = YES;
				CLANG_ANALYZER_NONNULL = YES;
				CLANG_ANALYZER_NUMBER_OBJECT_CONVERSION = YES_AGGRESSIVE;
				CLANG_CXX_LANGUAGE_STANDARD = "gnu++20";
				CLANG_ENABLE_MODULES = YES;
				CLANG_ENABLE_OBJC_ARC = YES;
				CLANG_ENABLE_OBJC_WEAK = YES;
				CLANG_WARN_BLOCK_CAPTURE_AUTORELEASING = YES;
				CLANG_WARN_BOOL_CONVERSION = YES;
				CLANG_WARN_COMMA = YES;
				CLANG_WARN_CONSTANT_CONVERSION = YES;
				CLANG_WARN_DEPRECATED_OBJC_IMPLEMENTATIONS = YES;
				CLANG_WARN_DIRECT_OBJC_ISA_USAGE = YES_ERROR;
				CLANG_WARN_DOCUMENTATION_COMMENTS = YES;
				CLANG_WARN_EMPTY_BODY = YES;
				CLANG_WARN_ENUM_CONVERSION = YES;
				CLANG_WARN_INFINITE_RECURSION = YES;
				CLANG_WARN_INT_CONVERSION = YES;
				CLANG_WARN_NON_LITERAL_NULL_CONVERSION = YES;
				CLANG_WARN_OBJC_IMPLICIT_RETAIN_SELF = YES;
				CLANG_WARN_OBJC_LITERAL_CONVERSION = YES;
				CLANG_WARN_OBJC_ROOT_CLASS = YES_ERROR;
				CLANG_WARN_QUOTED_INCLUDE_IN_FRAMEWORK_HEADER = YES;
				CLANG_WARN_RANGE_LOOP_ANALYSIS = YES;
				CLANG_WARN_STRICT_PROTOTYPES = YES;
				CLANG_WARN_SUSPICIOUS_MOVE = YES;
				CLANG_WARN_UNGUARDED_AVAILABILITY = YES_AGGRESSIVE;
				CLANG_WARN_UNREACHABLE_CODE = YES;
				CLANG_WARN__DUPLICATE_METHOD_MATCH = YES;
				COPY_PHASE_STRIP = NO;
				DEBUG_INFORMATION_FORMAT = "dwarf-with-dsym";
				ENABLE_NS_ASSERTIONS = NO;
				ENABLE_STRICT_OBJC_MSGSEND = YES;
				ENABLE_USER_SCRIPT_SANDBOXING = YES;
				GCC_C_LANGUAGE_STANDARD = gnu17;
				GCC_NO_COMMON_BLOCKS = YES;
				GCC_WARN_64_TO_32_BIT_CONVERSION = YES;
				GCC_WARN_ABOUT_RETURN_TYPE = YES_ERROR;
				GCC_WARN_UNDECLARED_SELECTOR = YES;
				GCC_WARN_UNINITIALIZED_AUTOS = YES_AGGRESSIVE;
				GCC_WARN_UNUSED_FUNCTION = YES;
				GCC_WARN_UNUSED_VARIABLE = YES;
				IPHONEOS_DEPLOYMENT_TARGET = 16.0;
				LOCALIZATION_PREFERS_STRING_CATALOGS = YES;
				MTL_ENABLE_DEBUG_INFO = NO;
				MTL_FAST_MATH = YES;
				SDKROOT = iphoneos;
				SWIFT_COMPILATION_MODE = wholemodule;
				VALIDATE_PRODUCT = YES;
			};
			name = Release;
		};
		C8964B242E2162AE00B434E4 /* Debug */ = {
			isa = XCBuildConfiguration;
			buildSettings = {
				ASSETCATALOG_COMPILER_APPICON_NAME = AppIcon;
				ASSETCATALOG_COMPILER_GLOBAL_ACCENT_COLOR_NAME = AccentColor;
				CODE_SIGN_STYLE = Automatic;
				CURRENT_PROJECT_VERSION = 1;
				DEVELOPMENT_TEAM = PCJ84YD7HQ;
				ENABLE_PREVIEWS = YES;
				GENERATE_INFOPLIST_FILE = NO;
				INFOPLIST_FILE = Config/PhotoDel-Info.plist;
				INFOPLIST_KEY_NSPhotoLibraryAddUsageDescription = "PhotoDel需要权限来保存处理后的照片到您的相册。";
				INFOPLIST_KEY_NSPhotoLibraryUsageDescription = "PhotoDel需要访问您的照片库来帮助您整理和管理照片。我们不会上传或分享您的照片。";
				INFOPLIST_KEY_ITSAppUsesNonExemptEncryption = NO;
				INFOPLIST_KEY_PHPhotoLibraryPreventAutomaticLimitedAccessAlert = YES;
				INFOPLIST_KEY_UIApplicationSceneManifest_Generation = YES;
				INFOPLIST_KEY_UIApplicationSupportsIndirectInputEvents = YES;
				INFOPLIST_KEY_UILaunchScreen_Generation = YES;
				INFOPLIST_KEY_UISupportedInterfaceOrientations_iPad = "UIInterfaceOrientationPortrait UIInterfaceOrientationPortraitUpsideDown UIInterfaceOrientationLandscapeLeft UIInterfaceOrientationLandscapeRight";
				INFOPLIST_KEY_UISupportedInterfaceOrientations_iPhone = "UIInterfaceOrientationPortrait UIInterfaceOrientationLandscapeLeft UIInterfaceOrientationLandscapeRight";
				LD_RUNPATH_SEARCH_PATHS = (
					"$(inherited)",
					"@executable_path/Frameworks",
				);
				MARKETING_VERSION = 1.0;
				PRODUCT_BUNDLE_IDENTIFIER = com.01MVP.PhotoDel;
				PRODUCT_NAME = "$(TARGET_NAME)";
				SWIFT_EMIT_LOC_STRINGS = YES;
				SWIFT_VERSION = 5.0;
				TARGETED_DEVICE_FAMILY = "1,2";
			};
			name = Debug;
		};
		C8964B252E2162AE00B434E4 /* Release */ = {
			isa = XCBuildConfiguration;
			buildSettings = {
				ASSETCATALOG_COMPILER_APPICON_NAME = AppIcon;
				ASSETCATALOG_COMPILER_GLOBAL_ACCENT_COLOR_NAME = AccentColor;
				CODE_SIGN_STYLE = Automatic;
				CURRENT_PROJECT_VERSION = 1;
				DEVELOPMENT_TEAM = PCJ84YD7HQ;
				ENABLE_PREVIEWS = YES;
				GENERATE_INFOPLIST_FILE = NO;
				INFOPLIST_FILE = Config/PhotoDel-Info.plist;
				INFOPLIST_KEY_NSPhotoLibraryAddUsageDescription = "PhotoDel需要权限来保存处理后的照片到您的相册。";
				INFOPLIST_KEY_NSPhotoLibraryUsageDescription = "PhotoDel需要访问您的照片库来帮助您整理和管理照片。我们不会上传或分享您的照片。";
				INFOPLIST_KEY_ITSAppUsesNonExemptEncryption = NO;
				INFOPLIST_KEY_PHPhotoLibraryPreventAutomaticLimitedAccessAlert = YES;
				INFOPLIST_KEY_UIApplicationSceneManifest_Generation = YES;
				INFOPLIST_KEY_UIApplicationSupportsIndirectInputEvents = YES;
				INFOPLIST_KEY_UILaunchScreen_Generation = YES;
				INFOPLIST_KEY_UISupportedInterfaceOrientations_iPad = "UIInterfaceOrientationPortrait UIInterfaceOrientationPortraitUpsideDown UIInterfaceOrientationLandscapeLeft UIInterfaceOrientationLandscapeRight";
				INFOPLIST_KEY_UISupportedInterfaceOrientations_iPhone = "UIInterfaceOrientationPortrait UIInterfaceOrientationLandscapeLeft UIInterfaceOrientationLandscapeRight";
				LD_RUNPATH_SEARCH_PATHS = (
					"$(inherited)",
					"@executable_path/Frameworks",
				);
				MARKETING_VERSION = 1.0;
				PRODUCT_BUNDLE_IDENTIFIER = com.01MVP.PhotoDel;
				PRODUCT_NAME = "$(TARGET_NAME)";
				SWIFT_EMIT_LOC_STRINGS = YES;
				SWIFT_VERSION = 5.0;
				TARGETED_DEVICE_FAMILY = "1,2";
			};
			name = Release;
		};
		C8964B272E2162AE00B434E4 /* Debug */ = {
			isa = XCBuildConfiguration;
			buildSettings = {
				BUNDLE_LOADER = "$(TEST_HOST)";
				CODE_SIGN_STYLE = Automatic;
				CURRENT_PROJECT_VERSION = 1;
				DEVELOPMENT_TEAM = PCJ84YD7HQ;
				GENERATE_INFOPLIST_FILE = YES;
				IPHONEOS_DEPLOYMENT_TARGET = 16.0;
				MARKETING_VERSION = 1.0;
				PRODUCT_BUNDLE_IDENTIFIER = com.01MVP.PhotoDelTests;
				PRODUCT_NAME = "$(TARGET_NAME)";
				SWIFT_EMIT_LOC_STRINGS = NO;
				SWIFT_VERSION = 5.0;
				TARGETED_DEVICE_FAMILY = "1,2";
				TEST_HOST = "$(BUILT_PRODUCTS_DIR)/PhotoDel.app/$(BUNDLE_EXECUTABLE_FOLDER_PATH)/PhotoDel";
			};
			name = Debug;
		};
		C8964B282E2162AE00B434E4 /* Release */ = {
			isa = XCBuildConfiguration;
			buildSettings = {
				BUNDLE_LOADER = "$(TEST_HOST)";
				CODE_SIGN_STYLE = Automatic;
				CURRENT_PROJECT_VERSION = 1;
				DEVELOPMENT_TEAM = PCJ84YD7HQ;
				GENERATE_INFOPLIST_FILE = YES;
				IPHONEOS_DEPLOYMENT_TARGET = 16.0;
				MARKETING_VERSION = 1.0;
				PRODUCT_BUNDLE_IDENTIFIER = com.01MVP.PhotoDelTests;
				PRODUCT_NAME = "$(TARGET_NAME)";
				SWIFT_EMIT_LOC_STRINGS = NO;
				SWIFT_VERSION = 5.0;
				TARGETED_DEVICE_FAMILY = "1,2";
				TEST_HOST = "$(BUILT_PRODUCTS_DIR)/PhotoDel.app/$(BUNDLE_EXECUTABLE_FOLDER_PATH)/PhotoDel";
			};
			name = Release;
		};
		C8964B2A2E2162AE00B434E4 /* Debug */ = {
			isa = XCBuildConfiguration;
			buildSettings = {
				CODE_SIGN_STYLE = Automatic;
				CURRENT_PROJECT_VERSION = 1;
				DEVELOPMENT_TEAM = PCJ84YD7HQ;
				GENERATE_INFOPLIST_FILE = YES;
				MARKETING_VERSION = 1.0;
				PRODUCT_BUNDLE_IDENTIFIER = com.01MVP.PhotoDelUITests;
				PRODUCT_NAME = "$(TARGET_NAME)";
				SWIFT_EMIT_LOC_STRINGS = NO;
				SWIFT_VERSION = 5.0;
				TARGETED_DEVICE_FAMILY = "1,2";
				TEST_TARGET_NAME = PhotoDel;
			};
			name = Debug;
		};
		C8964B2B2E2162AE00B434E4 /* Release */ = {
			isa = XCBuildConfiguration;
			buildSettings = {
				CODE_SIGN_STYLE = Automatic;
				CURRENT_PROJECT_VERSION = 1;
				DEVELOPMENT_TEAM = PCJ84YD7HQ;
				GENERATE_INFOPLIST_FILE = YES;
				MARKETING_VERSION = 1.0;
				PRODUCT_BUNDLE_IDENTIFIER = com.01MVP.PhotoDelUITests;
				PRODUCT_NAME = "$(TARGET_NAME)";
				SWIFT_EMIT_LOC_STRINGS = NO;
				SWIFT_VERSION = 5.0;
				TARGETED_DEVICE_FAMILY = "1,2";
				TEST_TARGET_NAME = PhotoDel;
			};
			name = Release;
		};
/* End XCBuildConfiguration section */

/* Begin XCConfigurationList section */
		C8964AFD2E2162AB00B434E4 /* Build configuration list for PBXProject "PhotoDel" */ = {
			isa = XCConfigurationList;
			buildConfigurations = (
				C8964B212E2162AE00B434E4 /* Debug */,
				C8964B222E2162AE00B434E4 /* Release */,
			);
			defaultConfigurationIsVisible = 0;
			defaultConfigurationName = Release;
		};
		C8964B232E2162AE00B434E4 /* Build configuration list for PBXNativeTarget "PhotoDel" */ = {
			isa = XCConfigurationList;
			buildConfigurations = (
				C8964B242E2162AE00B434E4 /* Debug */,
				C8964B252E2162AE00B434E4 /* Release */,
			);
			defaultConfigurationIsVisible = 0;
			defaultConfigurationName = Release;
		};
		C8964B262E2162AE00B434E4 /* Build configuration list for PBXNativeTarget "PhotoDelTests" */ = {
			isa = XCConfigurationList;
			buildConfigurations = (
				C8964B272E2162AE00B434E4 /* Debug */,
				C8964B282E2162AE00B434E4 /* Release */,
			);
			defaultConfigurationIsVisible = 0;
			defaultConfigurationName = Release;
		};
		C8964B292E2162AE00B434E4 /* Build configuration list for PBXNativeTarget "PhotoDelUITests" */ = {
			isa = XCConfigurationList;
			buildConfigurations = (
				C8964B2A2E2162AE00B434E4 /* Debug */,
				C8964B2B2E2162AE00B434E4 /* Release */,
			);
			defaultConfigurationIsVisible = 0;
			defaultConfigurationName = Release;
		};
/* End XCConfigurationList section */
	};
	rootObject = C8964AFA2E2162AB00B434E4 /* Project object */;
}
